
Microsoft Visual Studio Solution File, Format Version 12.00
# Visual Studio Version 17
VisualStudioVersion = 17.9.34701.34
MinimumVisualStudioVersion = 10.0.40219.1
Project("{FAE04EC0-301F-11D3-BF4B-00C04F79EFBC}") = "SQLiteFeladat1", "SQLiteFeladat1\SQLiteFeladat1.csproj", "{95D236FB-5E2A-4BFB-B93B-18F24F305C30}"
EndProject
Global
	GlobalSection(SolutionConfigurationPlatforms) = preSolution
		Debug|Any CPU = Debug|Any CPU
		Release|Any CPU = Release|Any CPU
	EndGlobalSection
	GlobalSection(ProjectConfigurationPlatforms) = postSolution
		{95D236FB-5E2A-4BFB-B93B-18F24F305C30}.Debug|Any CPU.ActiveCfg = Debug|Any CPU
		{95D236FB-5E2A-4BFB-B93B-18F24F305C30}.Debug|Any CPU.Build.0 = Debug|Any CPU
		{95D236FB-5E2A-4BFB-B93B-18F24F305C30}.Release|Any CPU.ActiveCfg = Release|Any CPU
		{95D236FB-5E2A-4BFB-B93B-18F24F305C30}.Release|Any CPU.Build.0 = Release|Any CPU
	EndGlobalSection
	GlobalSection(SolutionProperties) = preSolution
		HideSolutionNode = FALSE
	EndGlobalSection
	GlobalSection(ExtensibilityGlobals) = postSolution
		SolutionGuid = {29C3A3E5-37C7-49FC-9198-48C138FC2400}
	EndGlobalSection
EndGlobal
